
Microsoft Visual Studio Solution File, Format Version 12.00
# Visual Studio Version 17
VisualStudioVersion = 17.4.33110.190
MinimumVisualStudioVersion = 10.0.40219.1
Project("{FAE04EC0-301F-11D3-BF4B-00C04F79EFBC}") = "PolyMask", "PolyMask\PolyMask.csproj", "{FD1980CF-943D-47F2-A611-FA2CC8CADEE6}"
EndProject
Global
	GlobalSection(SolutionConfigurationPlatforms) = preSolution
		Debug|Any CPU = Debug|Any CPU
		Release|Any CPU = Release|Any CPU
	EndGlobalSection
	GlobalSection(ProjectConfigurationPlatforms) = postSolution
		{FD1980CF-943D-47F2-A611-FA2CC8CADEE6}.Debug|Any CPU.ActiveCfg = Debug|Any CPU
		{FD1980CF-943D-47F2-A611-FA2CC8CADEE6}.Debug|Any CPU.Build.0 = Debug|Any CPU
		{FD1980CF-943D-47F2-A611-FA2CC8CADEE6}.Release|Any CPU.ActiveCfg = Release|Any CPU
		{FD1980CF-943D-47F2-A611-FA2CC8CADEE6}.Release|Any CPU.Build.0 = Release|Any CPU
	EndGlobalSection
	GlobalSection(SolutionProperties) = preSolution
		HideSolutionNode = FALSE
	EndGlobalSection
	GlobalSection(ExtensibilityGlobals) = postSolution
		SolutionGuid = {70FD39B5-38F5-4DD3-805D-86E62BAAC2C1}
	EndGlobalSection
EndGlobal
