
Microsoft Visual Studio Solution File, Format Version 12.00
# Visual Studio Version 17
VisualStudioVersion = 17.4.33110.190
MinimumVisualStudioVersion = 10.0.40219.1
Project("{FAE04EC0-301F-11D3-BF4B-00C04F79EFBC}") = "PolyMask", "PolyMask\PolyMask.csproj", "{73CF4256-F464-4E28-8E3F-70D5907220C5}"
EndProject
Global
	GlobalSection(SolutionConfigurationPlatforms) = preSolution
		Debug|Any CPU = Debug|Any CPU
		Release|Any CPU = Release|Any CPU
	EndGlobalSection
	GlobalSection(ProjectConfigurationPlatforms) = postSolution
		{73CF4256-F464-4E28-8E3F-70D5907220C5}.Debug|Any CPU.ActiveCfg = Debug|Any CPU
		{73CF4256-F464-4E28-8E3F-70D5907220C5}.Debug|Any CPU.Build.0 = Debug|Any CPU
		{73CF4256-F464-4E28-8E3F-70D5907220C5}.Release|Any CPU.ActiveCfg = Release|Any CPU
		{73CF4256-F464-4E28-8E3F-70D5907220C5}.Release|Any CPU.Build.0 = Release|Any CPU
	EndGlobalSection
	GlobalSection(SolutionProperties) = preSolution
		HideSolutionNode = FALSE
	EndGlobalSection
	GlobalSection(ExtensibilityGlobals) = postSolution
		SolutionGuid = {A40739B2-4E4D-483D-BE9C-A56279C75BCB}
	EndGlobalSection
EndGlobal
